// !$*UTF8*$!
{
	archiveVersion = 1;
	classes = {
	};
	objectVersion = 55;
	objects = {

/* Begin PBXBuildFile section */
		43C9664F2923CF1B00B3A7C8 /* AppDelegate.swift in Sources */ = {isa = PBXBuildFile; fileRef = 43C9664E2923CF1B00B3A7C8 /* AppDelegate.swift */; };
		43C966512923CF1B00B3A7C8 /* SceneDelegate.swift in Sources */ = {isa = PBXBuildFile; fileRef = 43C966502923CF1B00B3A7C8 /* SceneDelegate.swift */; };
		43C966532923CF1B00B3A7C8 /* ViewController.swift in Sources */ = {isa = PBXBuildFile; fileRef = 43C966522923CF1B00B3A7C8 /* ViewController.swift */; };
		43C966562923CF1B00B3A7C8 /* Main.storyboard in Resources */ = {isa = PBXBuildFile; fileRef = 43C966542923CF1B00B3A7C8 /* Main.storyboard */; };
		43C966582923CF1C00B3A7C8 /* Assets.xcassets in Resources */ = {isa = PBXBuildFile; fileRef = 43C966572923CF1C00B3A7C8 /* Assets.xcassets */; };
		43C9665B2923CF1C00B3A7C8 /* LaunchScreen.storyboard in Resources */ = {isa = PBXBuildFile; fileRef = 43C966592923CF1C00B3A7C8 /* LaunchScreen.storyboard */; };
		43C9666A2923D22200B3A7C8 /* TableViewCell.swift in Sources */ = {isa = PBXBuildFile; fileRef = 43C966682923D22200B3A7C8 /* TableViewCell.swift */; };
		43C9666B2923D22200B3A7C8 /* TableViewCell.xib in Resources */ = {isa = PBXBuildFile; fileRef = 43C966692923D22200B3A7C8 /* TableViewCell.xib */; };
		43C9666E2923D4F500B3A7C8 /* Alamofire in Frameworks */ = {isa = PBXBuildFile; productRef = 43C9666D2923D4F500B3A7C8 /* Alamofire */; };
		43C966712923D51B00B3A7C8 /* Kingfisher in Frameworks */ = {isa = PBXBuildFile; productRef = 43C966702923D51B00B3A7C8 /* Kingfisher */; };
		43C966732923D74500B3A7C8 /* friendModel.swift in Sources */ = {isa = PBXBuildFile; fileRef = 43C966722923D74500B3A7C8 /* friendModel.swift */; };
/* End PBXBuildFile section */

/* Begin PBXFileReference section */
		43C9664B2923CF1B00B3A7C8 /* hocLaiAPI.app */ = {isa = PBXFileReference; explicitFileType = wrapper.application; includeInIndex = 0; path = hocLaiAPI.app; sourceTree = BUILT_PRODUCTS_DIR; };
		43C9664E2923CF1B00B3A7C8 /* AppDelegate.swift */ = {isa = PBXFileReference; lastKnownFileType = sourcecode.swift; path = AppDelegate.swift; sourceTree = "<group>"; };
		43C966502923CF1B00B3A7C8 /* SceneDelegate.swift */ = {isa = PBXFileReference; lastKnownFileType = sourcecode.swift; path = SceneDelegate.swift; sourceTree = "<group>"; };
		43C966522923CF1B00B3A7C8 /* ViewController.swift */ = {isa = PBXFileReference; lastKnownFileType = sourcecode.swift; path = ViewController.swift; sourceTree = "<group>"; };
		43C966552923CF1B00B3A7C8 /* Base */ = {isa = PBXFileReference; lastKnownFileType = file.storyboard; name = Base; path = Base.lproj/Main.storyboard; sourceTree = "<group>"; };
		43C966572923CF1C00B3A7C8 /* Assets.xcassets */ = {isa = PBXFileReference; lastKnownFileType = folder.assetcatalog; path = Assets.xcassets; sourceTree = "<group>"; };
		43C9665A2923CF1C00B3A7C8 /* Base */ = {isa = PBXFileReference; lastKnownFileType = file.storyboard; name = Base; path = Base.lproj/LaunchScreen.storyboard; sourceTree = "<group>"; };
		43C9665C2923CF1C00B3A7C8 /* Info.plist */ = {isa = PBXFileReference; lastKnownFileType = text.plist.xml; path = Info.plist; sourceTree = "<group>"; };
		43C966682923D22200B3A7C8 /* TableViewCell.swift */ = {isa = PBXFileReference; lastKnownFileType = sourcecode.swift; path = TableViewCell.swift; sourceTree = "<group>"; };
		43C966692923D22200B3A7C8 /* TableViewCell.xib */ = {isa = PBXFileReference; lastKnownFileType = file.xib; path = TableViewCell.xib; sourceTree = "<group>"; };
		43C966722923D74500B3A7C8 /* friendModel.swift */ = {isa = PBXFileReference; lastKnownFileType = sourcecode.swift; path = friendModel.swift; sourceTree = "<group>"; };
/* End PBXFileReference section */

/* Begin PBXFrameworksBuildPhase section */
		43C966482923CF1B00B3A7C8 /* Frameworks */ = {
			isa = PBXFrameworksBuildPhase;
			buildActionMask = 2147483647;
			files = (
				43C966712923D51B00B3A7C8 /* Kingfisher in Frameworks */,
				43C9666E2923D4F500B3A7C8 /* Alamofire in Frameworks */,
			);
			runOnlyForDeploymentPostprocessing = 0;
		};
/* End PBXFrameworksBuildPhase section */

/* Begin PBXGroup section */
		43C966422923CF1B00B3A7C8 = {
			isa = PBXGroup;
			children = (
				43C9664D2923CF1B00B3A7C8 /* hocLaiAPI */,
				43C9664C2923CF1B00B3A7C8 /* Products */,
			);
			sourceTree = "<group>";
		};
		43C9664C2923CF1B00B3A7C8 /* Products */ = {
			isa = PBXGroup;
			children = (
				43C9664B2923CF1B00B3A7C8 /* hocLaiAPI.app */,
			);
			name = Products;
			sourceTree = "<group>";
		};
		43C9664D2923CF1B00B3A7C8 /* hocLaiAPI */ = {
			isa = PBXGroup;
			children = (
				43C9664E2923CF1B00B3A7C8 /* AppDelegate.swift */,
				43C966502923CF1B00B3A7C8 /* SceneDelegate.swift */,
				43C966522923CF1B00B3A7C8 /* ViewController.swift */,
				43C966542923CF1B00B3A7C8 /* Main.storyboard */,
				43C966572923CF1C00B3A7C8 /* Assets.xcassets */,
				43C966592923CF1C00B3A7C8 /* LaunchScreen.storyboard */,
				43C9665C2923CF1C00B3A7C8 /* Info.plist */,
				43C966682923D22200B3A7C8 /* TableViewCell.swift */,
				43C966692923D22200B3A7C8 /* TableViewCell.xib */,
				43C966722923D74500B3A7C8 /* friendModel.swift */,
			);
			path = hocLaiAPI;
			sourceTree = "<group>";
		};
/* End PBXGroup section */

/* Begin PBXNativeTarget section */
		43C9664A2923CF1B00B3A7C8 /* hocLaiAPI */ = {
			isa = PBXNativeTarget;
			buildConfigurationList = 43C9665F2923CF1C00B3A7C8 /* Build configuration list for PBXNativeTarget "hocLaiAPI" */;
			buildPhases = (
				43C966472923CF1B00B3A7C8 /* Sources */,
				43C966482923CF1B00B3A7C8 /* Frameworks */,
				43C966492923CF1B00B3A7C8 /* Resources */,
			);
			buildRules = (
			);
			dependencies = (
			);
			name = hocLaiAPI;
			packageProductDependencies = (
				43C9666D2923D4F500B3A7C8 /* Alamofire */,
				43C966702923D51B00B3A7C8 /* Kingfisher */,
			);
			productName = hocLaiAPI;
			productReference = 43C9664B2923CF1B00B3A7C8 /* hocLaiAPI.app */;
			productType = "com.apple.product-type.application";
		};
/* End PBXNativeTarget section */

/* Begin PBXProject section */
		43C966432923CF1B00B3A7C8 /* Project object */ = {
			isa = PBXProject;
			attributes = {
				BuildIndependentTargetsInParallel = 1;
				LastSwiftUpdateCheck = 1340;
				LastUpgradeCheck = 1340;
				TargetAttributes = {
					43C9664A2923CF1B00B3A7C8 = {
						CreatedOnToolsVersion = 13.4.1;
					};
				};
			};
			buildConfigurationList = 43C966462923CF1B00B3A7C8 /* Build configuration list for PBXProject "hocLaiAPI" */;
			compatibilityVersion = "Xcode 13.0";
			developmentRegion = en;
			hasScannedForEncodings = 0;
			knownRegions = (
				en,
				Base,
			);
			mainGroup = 43C966422923CF1B00B3A7C8;
			packageReferences = (
				43C9666C2923D4F500B3A7C8 /* XCRemoteSwiftPackageReference "Alamofire" */,
				43C9666F2923D51B00B3A7C8 /* XCRemoteSwiftPackageReference "Kingfisher" */,
			);
			productRefGroup = 43C9664C2923CF1B00B3A7C8 /* Products */;
			projectDirPath = "";
			projectRoot = "";
			targets = (
				43C9664A2923CF1B00B3A7C8 /* hocLaiAPI */,
			);
		};
/* End PBXProject section */

/* Begin PBXResourcesBuildPhase section */
		43C966492923CF1B00B3A7C8 /* Resources */ = {
			isa = PBXResourcesBuildPhase;
			buildActionMask = 2147483647;
			files = (
				43C9665B2923CF1C00B3A7C8 /* LaunchScreen.storyboard in Resources */,
				43C9666B2923D22200B3A7C8 /* TableViewCell.xib in Resources */,
				43C966582923CF1C00B3A7C8 /* Assets.xcassets in Resources */,
				43C966562923CF1B00B3A7C8 /* Main.storyboard in Resources */,
			);
			runOnlyForDeploymentPostprocessing = 0;
		};
/* End PBXResourcesBuildPhase section */

/* Begin PBXSourcesBuildPhase section */
		43C966472923CF1B00B3A7C8 /* Sources */ = {
			isa = PBXSourcesBuildPhase;
			buildActionMask = 2147483647;
			files = (
				43C966732923D74500B3A7C8 /* friendModel.swift in Sources */,
				43C966532923CF1B00B3A7C8 /* ViewController.swift in Sources */,
				43C9666A2923D22200B3A7C8 /* TableViewCell.swift in Sources */,
				43C9664F2923CF1B00B3A7C8 /* AppDelegate.swift in Sources */,
				43C966512923CF1B00B3A7C8 /* SceneDelegate.swift in Sources */,
			);
			runOnlyForDeploymentPostprocessing = 0;
		};
/* End PBXSourcesBuildPhase section */

/* Begin PBXVariantGroup section */
		43C966542923CF1B00B3A7C8 /* Main.storyboard */ = {
			isa = PBXVariantGroup;
			children = (
				43C966552923CF1B00B3A7C8 /* Base */,
			);
			name = Main.storyboard;
			sourceTree = "<group>";
		};
		43C966592923CF1C00B3A7C8 /* LaunchScreen.storyboard */ = {
			isa = PBXVariantGroup;
			children = (
				43C9665A2923CF1C00B3A7C8 /* Base */,
			);
			name = LaunchScreen.storyboard;
			sourceTree = "<group>";
		};
/* End PBXVariantGroup section */

/* Begin XCBuildConfiguration section */
		43C9665D2923CF1C00B3A7C8 /* Debug */ = {
			isa = XCBuildConfiguration;
			buildSettings = {
				ALWAYS_SEARCH_USER_PATHS = NO;
				CLANG_ANALYZER_NONNULL = YES;
				CLANG_ANALYZER_NUMBER_OBJECT_CONVERSION = YES_AGGRESSIVE;
				CLANG_CXX_LANGUAGE_STANDARD = "gnu++17";
				CLANG_ENABLE_MODULES = YES;
				CLANG_ENABLE_OBJC_ARC = YES;
				CLANG_ENABLE_OBJC_WEAK = YES;
				CLANG_WARN_BLOCK_CAPTURE_AUTORELEASING = YES;
				CLANG_WARN_BOOL_CONVERSION = YES;
				CLANG_WARN_COMMA = YES;
				CLANG_WARN_CONSTANT_CONVERSION = YES;
				CLANG_WARN_DEPRECATED_OBJC_IMPLEMENTATIONS = YES;
				CLANG_WARN_DIRECT_OBJC_ISA_USAGE = YES_ERROR;
				CLANG_WARN_DOCUMENTATION_COMMENTS = YES;
				CLANG_WARN_EMPTY_BODY = YES;
				CLANG_WARN_ENUM_CONVERSION = YES;
				CLANG_WARN_INFINITE_RECURSION = YES;
				CLANG_WARN_INT_CONVERSION = YES;
				CLANG_WARN_NON_LITERAL_NULL_CONVERSION = YES;
				CLANG_WARN_OBJC_IMPLICIT_RETAIN_SELF = YES;
				CLANG_WARN_OBJC_LITERAL_CONVERSION = YES;
				CLANG_WARN_OBJC_ROOT_CLASS = YES_ERROR;
				CLANG_WARN_QUOTED_INCLUDE_IN_FRAMEWORK_HEADER = YES;
				CLANG_WARN_RANGE_LOOP_ANALYSIS = YES;
				CLANG_WARN_STRICT_PROTOTYPES = YES;
				CLANG_WARN_SUSPICIOUS_MOVE = YES;
				CLANG_WARN_UNGUARDED_AVAILABILITY = YES_AGGRESSIVE;
				CLANG_WARN_UNREACHABLE_CODE = YES;
				CLANG_WARN__DUPLICATE_METHOD_MATCH = YES;
				COPY_PHASE_STRIP = NO;
				DEBUG_INFORMATION_FORMAT = dwarf;
				ENABLE_STRICT_OBJC_MSGSEND = YES;
				ENABLE_TESTABILITY = YES;
				GCC_C_LANGUAGE_STANDARD = gnu11;
				GCC_DYNAMIC_NO_PIC = NO;
				GCC_NO_COMMON_BLOCKS = YES;
				GCC_OPTIMIZATION_LEVEL = 0;
				GCC_PREPROCESSOR_DEFINITIONS = (
					"DEBUG=1",
					"$(inherited)",
				);
				GCC_WARN_64_TO_32_BIT_CONVERSION = YES;
				GCC_WARN_ABOUT_RETURN_TYPE = YES_ERROR;
				GCC_WARN_UNDECLARED_SELECTOR = YES;
				GCC_WARN_UNINITIALIZED_AUTOS = YES_AGGRESSIVE;
				GCC_WARN_UNUSED_FUNCTION = YES;
				GCC_WARN_UNUSED_VARIABLE = YES;
				IPHONEOS_DEPLOYMENT_TARGET = 15.5;
				MTL_ENABLE_DEBUG_INFO = INCLUDE_SOURCE;
				MTL_FAST_MATH = YES;
				ONLY_ACTIVE_ARCH = YES;
				SDKROOT = iphoneos;
				SWIFT_ACTIVE_COMPILATION_CONDITIONS = DEBUG;
				SWIFT_OPTIMIZATION_LEVEL = "-Onone";
			};
			name = Debug;
		};
		43C9665E2923CF1C00B3A7C8 /* Release */ = {
			isa = XCBuildConfiguration;
			buildSettings = {
				ALWAYS_SEARCH_USER_PATHS = NO;
				CLANG_ANALYZER_NONNULL = YES;
				CLANG_ANALYZER_NUMBER_OBJECT_CONVERSION = YES_AGGRESSIVE;
				CLANG_CXX_LANGUAGE_STANDARD = "gnu++17";
				CLANG_ENABLE_MODULES = YES;
				CLANG_ENABLE_OBJC_ARC = YES;
				CLANG_ENABLE_OBJC_WEAK = YES;
				CLANG_WARN_BLOCK_CAPTURE_AUTORELEASING = YES;
				CLANG_WARN_BOOL_CONVERSION = YES;
				CLANG_WARN_COMMA = YES;
				CLANG_WARN_CONSTANT_CONVERSION = YES;
				CLANG_WARN_DEPRECATED_OBJC_IMPLEMENTATIONS = YES;
				CLANG_WARN_DIRECT_OBJC_ISA_USAGE = YES_ERROR;
				CLANG_WARN_DOCUMENTATION_COMMENTS = YES;
				CLANG_WARN_EMPTY_BODY = YES;
				CLANG_WARN_ENUM_CONVERSION = YES;
				CLANG_WARN_INFINITE_RECURSION = YES;
				CLANG_WARN_INT_CONVERSION = YES;
				CLANG_WARN_NON_LITERAL_NULL_CONVERSION = YES;
				CLANG_WARN_OBJC_IMPLICIT_RETAIN_SELF = YES;
				CLANG_WARN_OBJC_LITERAL_CONVERSION = YES;
				CLANG_WARN_OBJC_ROOT_CLASS = YES_ERROR;
				CLANG_WARN_QUOTED_INCLUDE_IN_FRAMEWORK_HEADER = YES;
				CLANG_WARN_RANGE_LOOP_ANALYSIS = YES;
				CLANG_WARN_STRICT_PROTOTYPES = YES;
				CLANG_WARN_SUSPICIOUS_MOVE = YES;
				CLANG_WARN_UNGUARDED_AVAILABILITY = YES_AGGRESSIVE;
				CLANG_WARN_UNREACHABLE_CODE = YES;
				CLANG_WARN__DUPLICATE_METHOD_MATCH = YES;
				COPY_PHASE_STRIP = NO;
				DEBUG_INFORMATION_FORMAT = "dwarf-with-dsym";
				ENABLE_NS_ASSERTIONS = NO;
				ENABLE_STRICT_OBJC_MSGSEND = YES;
				GCC_C_LANGUAGE_STANDARD = gnu11;
				GCC_NO_COMMON_BLOCKS = YES;
				GCC_WARN_64_TO_32_BIT_CONVERSION = YES;
				GCC_WARN_ABOUT_RETURN_TYPE = YES_ERROR;
				GCC_WARN_UNDECLARED_SELECTOR = YES;
				GCC_WARN_UNINITIALIZED_AUTOS = YES_AGGRESSIVE;
				GCC_WARN_UNUSED_FUNCTION = YES;
				GCC_WARN_UNUSED_VARIABLE = YES;
				IPHONEOS_DEPLOYMENT_TARGET = 15.5;
				MTL_ENABLE_DEBUG_INFO = NO;
				MTL_FAST_MATH = YES;
				SDKROOT = iphoneos;
				SWIFT_COMPILATION_MODE = wholemodule;
				SWIFT_OPTIMIZATION_LEVEL = "-O";
				VALIDATE_PRODUCT = YES;
			};
			name = Release;
		};
		43C966602923CF1C00B3A7C8 /* Debug */ = {
			isa = XCBuildConfiguration;
			buildSettings = {
				ASSETCATALOG_COMPILER_APPICON_NAME = AppIcon;
				ASSETCATALOG_COMPILER_GLOBAL_ACCENT_COLOR_NAME = AccentColor;
				CODE_SIGN_STYLE = Automatic;
				CURRENT_PROJECT_VERSION = 1;
				GENERATE_INFOPLIST_FILE = YES;
				INFOPLIST_FILE = hocLaiAPI/Info.plist;
				INFOPLIST_KEY_UIApplicationSupportsIndirectInputEvents = YES;
				INFOPLIST_KEY_UILaunchStoryboardName = LaunchScreen;
				INFOPLIST_KEY_UIMainStoryboardFile = Main;
				INFOPLIST_KEY_UISupportedInterfaceOrientations_iPad = "UIInterfaceOrientationPortrait UIInterfaceOrientationPortraitUpsideDown UIInterfaceOrientationLandscapeLeft UIInterfaceOrientationLandscapeRight";
				INFOPLIST_KEY_UISupportedInterfaceOrientations_iPhone = "UIInterfaceOrientationPortrait UIInterfaceOrientationLandscapeLeft UIInterfaceOrientationLandscapeRight";
				LD_RUNPATH_SEARCH_PATHS = (
					"$(inherited)",
					"@executable_path/Frameworks",
				);
				MARKETING_VERSION = 1.0;
				PRODUCT_BUNDLE_IDENTIFIER = com.duongvancuong.hocLaiAPI;
				PRODUCT_NAME = "$(TARGET_NAME)";
				SWIFT_EMIT_LOC_STRINGS = YES;
				SWIFT_VERSION = 5.0;
				TARGETED_DEVICE_FAMILY = "1,2";
			};
			name = Debug;
		};
		43C966612923CF1C00B3A7C8 /* Release */ = {
			isa = XCBuildConfiguration;
			buildSettings = {
				ASSETCATALOG_COMPILER_APPICON_NAME = AppIcon;
				ASSETCATALOG_COMPILER_GLOBAL_ACCENT_COLOR_NAME = AccentColor;
				CODE_SIGN_STYLE = Automatic;
				CURRENT_PROJECT_VERSION = 1;
				GENERATE_INFOPLIST_FILE = YES;
				INFOPLIST_FILE = hocLaiAPI/Info.plist;
				INFOPLIST_KEY_UIApplicationSupportsIndirectInputEvents = YES;
				INFOPLIST_KEY_UILaunchStoryboardName = LaunchScreen;
				INFOPLIST_KEY_UIMainStoryboardFile = Main;
				INFOPLIST_KEY_UISupportedInterfaceOrientations_iPad = "UIInterfaceOrientationPortrait UIInterfaceOrientationPortraitUpsideDown UIInterfaceOrientationLandscapeLeft UIInterfaceOrientationLandscapeRight";
				INFOPLIST_KEY_UISupportedInterfaceOrientations_iPhone = "UIInterfaceOrientationPortrait UIInterfaceOrientationLandscapeLeft UIInterfaceOrientationLandscapeRight";
				LD_RUNPATH_SEARCH_PATHS = (
					"$(inherited)",
					"@executable_path/Frameworks",
				);
				MARKETING_VERSION = 1.0;
				PRODUCT_BUNDLE_IDENTIFIER = com.duongvancuong.hocLaiAPI;
				PRODUCT_NAME = "$(TARGET_NAME)";
				SWIFT_EMIT_LOC_STRINGS = YES;
				SWIFT_VERSION = 5.0;
				TARGETED_DEVICE_FAMILY = "1,2";
			};
			name = Release;
		};
/* End XCBuildConfiguration section */

/* Begin XCConfigurationList section */
		43C966462923CF1B00B3A7C8 /* Build configuration list for PBXProject "hocLaiAPI" */ = {
			isa = XCConfigurationList;
			buildConfigurations = (
				43C9665D2923CF1C00B3A7C8 /* Debug */,
				43C9665E2923CF1C00B3A7C8 /* Release */,
			);
			defaultConfigurationIsVisible = 0;
			defaultConfigurationName = Release;
		};
		43C9665F2923CF1C00B3A7C8 /* Build configuration list for PBXNativeTarget "hocLaiAPI" */ = {
			isa = XCConfigurationList;
			buildConfigurations = (
				43C966602923CF1C00B3A7C8 /* Debug */,
				43C966612923CF1C00B3A7C8 /* Release */,
			);
			defaultConfigurationIsVisible = 0;
			defaultConfigurationName = Release;
		};
/* End XCConfigurationList section */

/* Begin XCRemoteSwiftPackageReference section */
		43C9666C2923D4F500B3A7C8 /* XCRemoteSwiftPackageReference "Alamofire" */ = {
			isa = XCRemoteSwiftPackageReference;
			repositoryURL = "https://github.com/Alamofire/Alamofire.git";
			requirement = {
				branch = master;
				kind = branch;
			};
		};
		43C9666F2923D51B00B3A7C8 /* XCRemoteSwiftPackageReference "Kingfisher" */ = {
			isa = XCRemoteSwiftPackageReference;
			repositoryURL = "https://github.com/onevcat/Kingfisher.git";
			requirement = {
				branch = master;
				kind = branch;
			};
		};
/* End XCRemoteSwiftPackageReference section */

/* Begin XCSwiftPackageProductDependency section */
		43C9666D2923D4F500B3A7C8 /* Alamofire */ = {
			isa = XCSwiftPackageProductDependency;
			package = 43C9666C2923D4F500B3A7C8 /* XCRemoteSwiftPackageReference "Alamofire" */;
			productName = Alamofire;
		};
		43C966702923D51B00B3A7C8 /* Kingfisher */ = {
			isa = XCSwiftPackageProductDependency;
			package = 43C9666F2923D51B00B3A7C8 /* XCRemoteSwiftPackageReference "Kingfisher" */;
			productName = Kingfisher;
		};
/* End XCSwiftPackageProductDependency section */
	};
	rootObject = 43C966432923CF1B00B3A7C8 /* Project object */;
}
